<?xml version="1.0" encoding="utf-8"?>
<Project ToolsVersion="4.0" xmlns="http://schemas.microsoft.com/developer/msbuild/2003">
  <ItemGroup>
    <Filter Include="Source Files">
      <UniqueIdentifier>{4FC737F1-C7A5-4376-A066-2A32D752A2FF}</UniqueIdentifier>
      <Extensions>cpp;c;cc;cxx;def;odl;idl;hpj;bat;asm;asmx</Extensions>
    </Filter>
    <Filter Include="Header Files">
      <UniqueIdentifier>{93995380-89BD-4b04-88EB-625FBE52EBFB}</UniqueIdentifier>
      <Extensions>h;hh;hpp;hxx;hm;inl;inc;xsd</Extensions>
    </Filter>
    <Filter Include="Resource Files">
      <UniqueIdentifier>{67DA6AB6-F800-4c08-8B7A-83BB121AAD01}</UniqueIdentifier>
      <Extensions>rc;ico;cur;bmp;dlg;rc2;rct;bin;rgs;gif;jpg;jpeg;jpe;resx;tiff;tif;png;wav;mfcribbon-ms</Extensions>
    </Filter>
    <Filter Include="Source Files\Masters">
      <UniqueIdentifier>{c52c7b0b-d1b9-4e7c-a511-7dcf355b4140}</UniqueIdentifier>
    </Filter>
    <Filter Include="Header Files\MasterHeaders">
      <UniqueIdentifier>{8198571a-1b79-4bd1-81a9-2ec5ddeccae0}</UniqueIdentifier>
    </Filter>
    <Filter Include="Header Files\ExternalLibraries">
      <UniqueIdentifier>{c9205cfa-6670-4561-8481-55dc2e8546c3}</UniqueIdentifier>
    </Filter>
    <Filter Include="Source Files\Mesh Classes">
      <UniqueIdentifier>{057581d3-bdf5-4e58-829b-fc29a92a4231}</UniqueIdentifier>
    </Filter>
    <Filter Include="Header Files\Mesh Classes">
      <UniqueIdentifier>{3eda7c2a-f2ac-4f18-a022-b9b761a862f1}</UniqueIdentifier>
    </Filter>
  </ItemGroup>
  <ItemGroup>
    <ClCompile Include="main.cpp">
      <Filter>Source Files</Filter>
    </ClCompile>
    <ClCompile Include="InputMaster.cpp">
      <Filter>Source Files\Masters</Filter>
    </ClCompile>
    <ClCompile Include="ShaderMaster.cpp">
      <Filter>Source Files\Masters</Filter>
    </ClCompile>
    <ClCompile Include="WindowMaster.cpp">
      <Filter>Source Files\Masters</Filter>
    </ClCompile>
    <ClCompile Include="TimeMaster.cpp">
      <Filter>Source Files\Masters</Filter>
    </ClCompile>
    <ClCompile Include="Mesh.cpp">
      <Filter>Source Files\Mesh Classes</Filter>
    </ClCompile>
    <ClCompile Include="CameraMaster.cpp">
      <Filter>Source Files\Masters</Filter>
    </ClCompile>
  </ItemGroup>
  <ItemGroup>
    <ClInclude Include="definitions.h">
      <Filter>Header Files</Filter>
    </ClInclude>
    <ClInclude Include="InputMaster.h">
      <Filter>Header Files\MasterHeaders</Filter>
    </ClInclude>
    <ClInclude Include="ShaderMaster.h">
      <Filter>Header Files\MasterHeaders</Filter>
    </ClInclude>
    <ClInclude Include="WindowMaster.h">
      <Filter>Header Files\MasterHeaders</Filter>
    </ClInclude>
    <ClInclude Include="TimeMaster.h">
      <Filter>Header Files\MasterHeaders</Filter>
    </ClInclude>
    <ClInclude Include="include\glew.h">
      <Filter>Header Files\ExternalLibraries</Filter>
    </ClInclude>
    <ClInclude Include="include\glfw3.h">
      <Filter>Header Files\ExternalLibraries</Filter>
    </ClInclude>
    <ClInclude Include="include\glxew.h">
      <Filter>Header Files\ExternalLibraries</Filter>
    </ClInclude>
    <ClInclude Include="include\glfw3native.h">
      <Filter>Header Files\ExternalLibraries</Filter>
    </ClInclude>
    <ClInclude Include="include\wglew.h">
      <Filter>Header Files\ExternalLibraries</Filter>
    </ClInclude>
    <ClInclude Include="Mesh.h">
      <Filter>Header Files\Mesh Classes</Filter>
    </ClInclude>
    <ClInclude Include="CameraMaster.h">
      <Filter>Header Files\MasterHeaders</Filter>
    </ClInclude>
    <ClInclude Include="MaterialMaster.h">
      <Filter>Header Files\MasterHeaders</Filter>
    </ClInclude>
    <ClInclude Include="LightMaster.h">
      <Filter>Header Files\MasterHeaders</Filter>
    </ClInclude>
  </ItemGroup>
  <ItemGroup>
    <None Include="shaders\vertexshader.glsl">
      <Filter>Resource Files</Filter>
    </None>
    <None Include="shaders\fragmentshader.glsl">
      <Filter>Resource Files</Filter>
    </None>
  </ItemGroup>
</Project>