<?xml version="1.0" encoding="utf-8"?>
<Project ToolsVersion="4.0" xmlns="http://schemas.microsoft.com/developer/msbuild/2003">
  <ItemGroup>
    <Filter Include="input">
      <UniqueIdentifier>{4c45333a-e1e5-4ad6-bb32-24430b9a4539}</UniqueIdentifier>
    </Filter>
    <Filter Include="platform">
      <UniqueIdentifier>{49d29844-d768-473d-b0b8-d87d6fea67eb}</UniqueIdentifier>
    </Filter>
    <Filter Include="testing">
      <UniqueIdentifier>{c2f7130d-1f38-45a6-9fae-6b55ad4b1dbe}</UniqueIdentifier>
    </Filter>
  </ItemGroup>
  <ItemGroup>
    <ClInclude Include="wyvern.h" />
    <ClInclude Include="input\input.h">
      <Filter>input</Filter>
    </ClInclude>
    <ClInclude Include="input\inputhash.h">
      <Filter>input</Filter>
    </ClInclude>
    <ClInclude Include="definitions.h" />
    <ClInclude Include="platform\platform.h">
      <Filter>platform</Filter>
    </ClInclude>
    <ClInclude Include="platform\window.h">
      <Filter>platform</Filter>
    </ClInclude>
    <ClInclude Include="platform\platform_definitions_pc.h">
      <Filter>platform</Filter>
    </ClInclude>
    <ClInclude Include="testing\testing.h">
      <Filter>testing</Filter>
    </ClInclude>
  </ItemGroup>
  <ItemGroup>
    <ClCompile Include="main.cpp" />
    <ClCompile Include="input\input_pc.cpp">
      <Filter>input</Filter>
    </ClCompile>
    <ClCompile Include="platform\window_pc.cpp">
      <Filter>platform</Filter>
    </ClCompile>
    <ClCompile Include="platform\platform_pc.cpp">
      <Filter>platform</Filter>
    </ClCompile>
    <ClCompile Include="wyvern.cpp" />
    <ClCompile Include="testing\testing.cpp">
      <Filter>testing</Filter>
    </ClCompile>
  </ItemGroup>
</Project>